
Microsoft Visual Studio Solution File, Format Version 12.00
# Visual Studio Express 2012 for Windows Desktop
Project("{FAE04EC0-301F-11D3-BF4B-00C04F79EFBC}") = "JCAssertion", "JCAssertion\JCAssertion.csproj", "{5239186A-819E-4E20-8D2B-CC12001999F1}"
EndProject
Project("{FAE04EC0-301F-11D3-BF4B-00C04F79EFBC}") = "JCAssertionCore", "JCAssertionnCore\JCAssertionCore.csproj", "{2591A9DE-E6EC-4BE0-AFBE-175AE508AD8E}"
EndProject
Project("{FAE04EC0-301F-11D3-BF4B-00C04F79EFBC}") = "JCAssertionCoreTest", "JCAssertionCoreTest\JCAssertionCoreTest.csproj", "{DF050259-7D8E-4091-BFE9-12C09F84EC8B}"
EndProject
Project("{FAE04EC0-301F-11D3-BF4B-00C04F79EFBC}") = "JCAExporte", "JCAExport\JCAExporte.csproj", "{1450DAD1-D6E3-4E63-ABC0-9EC1559EF60B}"
EndProject
Project("{FAE04EC0-301F-11D3-BF4B-00C04F79EFBC}") = "JCAssertionTest", "JCAssertionTest\JCAssertionTest.csproj", "{A801F64A-3E10-41D5-8EA9-45048ADDF5FC}"
EndProject
Project("{FAE04EC0-301F-11D3-BF4B-00C04F79EFBC}") = "JCASQLODPCore", "SQLODPCore\JCASQLODPCore.csproj", "{3E6DA294-1737-4EAA-AFFE-85FC3E1CB136}"
EndProject
Global
	GlobalSection(SolutionConfigurationPlatforms) = preSolution
		Debug|Any CPU = Debug|Any CPU
		Release|Any CPU = Release|Any CPU
	EndGlobalSection
	GlobalSection(ProjectConfigurationPlatforms) = postSolution
		{5239186A-819E-4E20-8D2B-CC12001999F1}.Debug|Any CPU.ActiveCfg = Debug|Any CPU
		{5239186A-819E-4E20-8D2B-CC12001999F1}.Debug|Any CPU.Build.0 = Debug|Any CPU
		{5239186A-819E-4E20-8D2B-CC12001999F1}.Release|Any CPU.ActiveCfg = Release|Any CPU
		{5239186A-819E-4E20-8D2B-CC12001999F1}.Release|Any CPU.Build.0 = Release|Any CPU
		{2591A9DE-E6EC-4BE0-AFBE-175AE508AD8E}.Debug|Any CPU.ActiveCfg = Debug|Any CPU
		{2591A9DE-E6EC-4BE0-AFBE-175AE508AD8E}.Debug|Any CPU.Build.0 = Debug|Any CPU
		{2591A9DE-E6EC-4BE0-AFBE-175AE508AD8E}.Release|Any CPU.ActiveCfg = Release|Any CPU
		{2591A9DE-E6EC-4BE0-AFBE-175AE508AD8E}.Release|Any CPU.Build.0 = Release|Any CPU
		{DF050259-7D8E-4091-BFE9-12C09F84EC8B}.Debug|Any CPU.ActiveCfg = Debug|Any CPU
		{DF050259-7D8E-4091-BFE9-12C09F84EC8B}.Debug|Any CPU.Build.0 = Debug|Any CPU
		{DF050259-7D8E-4091-BFE9-12C09F84EC8B}.Release|Any CPU.ActiveCfg = Release|Any CPU
		{DF050259-7D8E-4091-BFE9-12C09F84EC8B}.Release|Any CPU.Build.0 = Release|Any CPU
		{1450DAD1-D6E3-4E63-ABC0-9EC1559EF60B}.Debug|Any CPU.ActiveCfg = Debug|Any CPU
		{1450DAD1-D6E3-4E63-ABC0-9EC1559EF60B}.Debug|Any CPU.Build.0 = Debug|Any CPU
		{1450DAD1-D6E3-4E63-ABC0-9EC1559EF60B}.Release|Any CPU.ActiveCfg = Release|Any CPU
		{1450DAD1-D6E3-4E63-ABC0-9EC1559EF60B}.Release|Any CPU.Build.0 = Release|Any CPU
		{A801F64A-3E10-41D5-8EA9-45048ADDF5FC}.Debug|Any CPU.ActiveCfg = Debug|Any CPU
		{A801F64A-3E10-41D5-8EA9-45048ADDF5FC}.Debug|Any CPU.Build.0 = Debug|Any CPU
		{A801F64A-3E10-41D5-8EA9-45048ADDF5FC}.Release|Any CPU.ActiveCfg = Release|Any CPU
		{A801F64A-3E10-41D5-8EA9-45048ADDF5FC}.Release|Any CPU.Build.0 = Release|Any CPU
		{3E6DA294-1737-4EAA-AFFE-85FC3E1CB136}.Debug|Any CPU.ActiveCfg = Debug|Any CPU
		{3E6DA294-1737-4EAA-AFFE-85FC3E1CB136}.Debug|Any CPU.Build.0 = Debug|Any CPU
		{3E6DA294-1737-4EAA-AFFE-85FC3E1CB136}.Release|Any CPU.ActiveCfg = Release|Any CPU
		{3E6DA294-1737-4EAA-AFFE-85FC3E1CB136}.Release|Any CPU.Build.0 = Release|Any CPU
	EndGlobalSection
	GlobalSection(SolutionProperties) = preSolution
		HideSolutionNode = FALSE
	EndGlobalSection
EndGlobal
